
Microsoft Visual Studio Solution File, Format Version 12.00
# Visual Studio 14
VisualStudioVersion = 14.0.25420.1
MinimumVisualStudioVersion = 10.0.40219.1
Project("{FAE04EC0-301F-11D3-BF4B-00C04F79EFBC}") = "Sync", "Sync\Sync.csproj", "{035E6AC1-8DBF-4C02-B165-76CDA3E6177D}"
EndProject
Project("{54435603-DBB4-11D2-8724-00A0C9A8B90C}") = "Setup1", "Setup1\Setup1.vdproj", "{CD2347B6-975F-4380-ABD7-72349132AF49}"
EndProject
Global
	GlobalSection(SolutionConfigurationPlatforms) = preSolution
		Debug|Any CPU = Debug|Any CPU
		Release|Any CPU = Release|Any CPU
	EndGlobalSection
	GlobalSection(ProjectConfigurationPlatforms) = postSolution
		{035E6AC1-8DBF-4C02-B165-76CDA3E6177D}.Debug|Any CPU.ActiveCfg = Debug|Any CPU
		{035E6AC1-8DBF-4C02-B165-76CDA3E6177D}.Debug|Any CPU.Build.0 = Debug|Any CPU
		{035E6AC1-8DBF-4C02-B165-76CDA3E6177D}.Release|Any CPU.ActiveCfg = Release|Any CPU
		{035E6AC1-8DBF-4C02-B165-76CDA3E6177D}.Release|Any CPU.Build.0 = Release|Any CPU
		{CD2347B6-975F-4380-ABD7-72349132AF49}.Debug|Any CPU.ActiveCfg = Debug
		{CD2347B6-975F-4380-ABD7-72349132AF49}.Release|Any CPU.ActiveCfg = Release
	EndGlobalSection
	GlobalSection(SolutionProperties) = preSolution
		HideSolutionNode = FALSE
	EndGlobalSection
	GlobalSection(SolutionConfigurationPlatforms) = preSolution
		Debug|Any CPU = Debug|Any CPU
		Release|Any CPU = Release|Any CPU
	EndGlobalSection
EndGlobal
